// !$*UTF8*$!
{
	archiveVersion = 1;
	classes = {
	};
	objectVersion = 55;
	objects = {

/* Begin PBXBuildFile section */
		464E3B19284BED2900938A4A /* ag_finderApp.swift in Sources */ = {isa = PBXBuildFile; fileRef = 464E3B18284BED2900938A4A /* ag_finderApp.swift */; };
		464E3B1B284BED2900938A4A /* ContentView.swift in Sources */ = {isa = PBXBuildFile; fileRef = 464E3B1A284BED2900938A4A /* ContentView.swift */; };
		464E3B1D284BED2B00938A4A /* Assets.xcassets in Resources */ = {isa = PBXBuildFile; fileRef = 464E3B1C284BED2B00938A4A /* Assets.xcassets */; };
		464E3B20284BED2B00938A4A /* Preview Assets.xcassets in Resources */ = {isa = PBXBuildFile; fileRef = 464E3B1F284BED2B00938A4A /* Preview Assets.xcassets */; };
		464E3B28284BEDE400938A4A /* dolls.json in Resources */ = {isa = PBXBuildFile; fileRef = 464E3B27284BEDE400938A4A /* dolls.json */; };
		464E3B2B284BEE4400938A4A /* DollModel.swift in Sources */ = {isa = PBXBuildFile; fileRef = 464E3B2A284BEE4400938A4A /* DollModel.swift */; };
		464E3B2E284BEF3300938A4A /* CodableBundleExtension.swift in Sources */ = {isa = PBXBuildFile; fileRef = 464E3B2D284BEF3300938A4A /* CodableBundleExtension.swift */; };
		464E3B32284BF02400938A4A /* DollThumbnailView.swift in Sources */ = {isa = PBXBuildFile; fileRef = 464E3B31284BF02400938A4A /* DollThumbnailView.swift */; };
		464E3B34284BF52C00938A4A /* GalleryView.swift in Sources */ = {isa = PBXBuildFile; fileRef = 464E3B33284BF52C00938A4A /* GalleryView.swift */; };
		466CA9A92860E6330047A8AA /* AppBarView.swift in Sources */ = {isa = PBXBuildFile; fileRef = 466CA9A82860E6330047A8AA /* AppBarView.swift */; };
		466CA9AB28622EEF0047A8AA /* GalleryViewModel.swift in Sources */ = {isa = PBXBuildFile; fileRef = 466CA9AA28622EEE0047A8AA /* GalleryViewModel.swift */; };
/* End PBXBuildFile section */

/* Begin PBXFileReference section */
		464E3B15284BED2900938A4A /* ag-finder.app */ = {isa = PBXFileReference; explicitFileType = wrapper.application; includeInIndex = 0; path = "ag-finder.app"; sourceTree = BUILT_PRODUCTS_DIR; };
		464E3B18284BED2900938A4A /* ag_finderApp.swift */ = {isa = PBXFileReference; lastKnownFileType = sourcecode.swift; path = ag_finderApp.swift; sourceTree = "<group>"; };
		464E3B1A284BED2900938A4A /* ContentView.swift */ = {isa = PBXFileReference; lastKnownFileType = sourcecode.swift; path = ContentView.swift; sourceTree = "<group>"; };
		464E3B1C284BED2B00938A4A /* Assets.xcassets */ = {isa = PBXFileReference; lastKnownFileType = folder.assetcatalog; path = Assets.xcassets; sourceTree = "<group>"; };
		464E3B1F284BED2B00938A4A /* Preview Assets.xcassets */ = {isa = PBXFileReference; lastKnownFileType = folder.assetcatalog; path = "Preview Assets.xcassets"; sourceTree = "<group>"; };
		464E3B27284BEDE400938A4A /* dolls.json */ = {isa = PBXFileReference; fileEncoding = 4; lastKnownFileType = text.json; path = dolls.json; sourceTree = "<group>"; };
		464E3B2A284BEE4400938A4A /* DollModel.swift */ = {isa = PBXFileReference; lastKnownFileType = sourcecode.swift; path = DollModel.swift; sourceTree = "<group>"; };
		464E3B2D284BEF3300938A4A /* CodableBundleExtension.swift */ = {isa = PBXFileReference; lastKnownFileType = sourcecode.swift; path = CodableBundleExtension.swift; sourceTree = "<group>"; };
		464E3B31284BF02400938A4A /* DollThumbnailView.swift */ = {isa = PBXFileReference; lastKnownFileType = sourcecode.swift; path = DollThumbnailView.swift; sourceTree = "<group>"; };
		464E3B33284BF52C00938A4A /* GalleryView.swift */ = {isa = PBXFileReference; lastKnownFileType = sourcecode.swift; path = GalleryView.swift; sourceTree = "<group>"; };
		466CA9A82860E6330047A8AA /* AppBarView.swift */ = {isa = PBXFileReference; lastKnownFileType = sourcecode.swift; path = AppBarView.swift; sourceTree = "<group>"; };
		466CA9AA28622EEE0047A8AA /* GalleryViewModel.swift */ = {isa = PBXFileReference; lastKnownFileType = sourcecode.swift; path = GalleryViewModel.swift; sourceTree = "<group>"; };
/* End PBXFileReference section */

/* Begin PBXFrameworksBuildPhase section */
		464E3B12284BED2900938A4A /* Frameworks */ = {
			isa = PBXFrameworksBuildPhase;
			buildActionMask = 2147483647;
			files = (
			);
			runOnlyForDeploymentPostprocessing = 0;
		};
/* End PBXFrameworksBuildPhase section */

/* Begin PBXGroup section */
		464E3B0C284BED2900938A4A = {
			isa = PBXGroup;
			children = (
				464E3B17284BED2900938A4A /* ag-finder */,
				464E3B16284BED2900938A4A /* Products */,
			);
			sourceTree = "<group>";
		};
		464E3B16284BED2900938A4A /* Products */ = {
			isa = PBXGroup;
			children = (
				464E3B15284BED2900938A4A /* ag-finder.app */,
			);
			name = Products;
			sourceTree = "<group>";
		};
		464E3B17284BED2900938A4A /* ag-finder */ = {
			isa = PBXGroup;
			children = (
				464E3B30284BF01000938A4A /* View */,
				464E3B2C284BEF1F00938A4A /* Extension */,
				464E3B29284BEE2200938A4A /* Model */,
				464E3B26284BEDA400938A4A /* Data */,
				464E3B18284BED2900938A4A /* ag_finderApp.swift */,
				464E3B1A284BED2900938A4A /* ContentView.swift */,
				464E3B1C284BED2B00938A4A /* Assets.xcassets */,
				464E3B1E284BED2B00938A4A /* Preview Content */,
			);
			path = "ag-finder";
			sourceTree = "<group>";
		};
		464E3B1E284BED2B00938A4A /* Preview Content */ = {
			isa = PBXGroup;
			children = (
				464E3B1F284BED2B00938A4A /* Preview Assets.xcassets */,
			);
			path = "Preview Content";
			sourceTree = "<group>";
		};
		464E3B26284BEDA400938A4A /* Data */ = {
			isa = PBXGroup;
			children = (
				464E3B27284BEDE400938A4A /* dolls.json */,
			);
			path = Data;
			sourceTree = "<group>";
		};
		464E3B29284BEE2200938A4A /* Model */ = {
			isa = PBXGroup;
			children = (
				464E3B2A284BEE4400938A4A /* DollModel.swift */,
				466CA9AA28622EEE0047A8AA /* GalleryViewModel.swift */,
			);
			path = Model;
			sourceTree = "<group>";
		};
		464E3B2C284BEF1F00938A4A /* Extension */ = {
			isa = PBXGroup;
			children = (
				464E3B2D284BEF3300938A4A /* CodableBundleExtension.swift */,
			);
			path = Extension;
			sourceTree = "<group>";
		};
		464E3B30284BF01000938A4A /* View */ = {
			isa = PBXGroup;
			children = (
				464E3B31284BF02400938A4A /* DollThumbnailView.swift */,
				464E3B33284BF52C00938A4A /* GalleryView.swift */,
				466CA9A82860E6330047A8AA /* AppBarView.swift */,
			);
			path = View;
			sourceTree = "<group>";
		};
/* End PBXGroup section */

/* Begin PBXNativeTarget section */
		464E3B14284BED2900938A4A /* ag-finder */ = {
			isa = PBXNativeTarget;
			buildConfigurationList = 464E3B23284BED2B00938A4A /* Build configuration list for PBXNativeTarget "ag-finder" */;
			buildPhases = (
				464E3B11284BED2900938A4A /* Sources */,
				464E3B12284BED2900938A4A /* Frameworks */,
				464E3B13284BED2900938A4A /* Resources */,
			);
			buildRules = (
			);
			dependencies = (
			);
			name = "ag-finder";
			productName = "ag-finder";
			productReference = 464E3B15284BED2900938A4A /* ag-finder.app */;
			productType = "com.apple.product-type.application";
		};
/* End PBXNativeTarget section */

/* Begin PBXProject section */
		464E3B0D284BED2900938A4A /* Project object */ = {
			isa = PBXProject;
			attributes = {
				BuildIndependentTargetsInParallel = 1;
				LastSwiftUpdateCheck = 1340;
				LastUpgradeCheck = 1340;
				TargetAttributes = {
					464E3B14284BED2900938A4A = {
						CreatedOnToolsVersion = 13.4;
					};
				};
			};
			buildConfigurationList = 464E3B10284BED2900938A4A /* Build configuration list for PBXProject "ag-finder" */;
			compatibilityVersion = "Xcode 13.0";
			developmentRegion = en;
			hasScannedForEncodings = 0;
			knownRegions = (
				en,
				Base,
			);
			mainGroup = 464E3B0C284BED2900938A4A;
			productRefGroup = 464E3B16284BED2900938A4A /* Products */;
			projectDirPath = "";
			projectRoot = "";
			targets = (
				464E3B14284BED2900938A4A /* ag-finder */,
			);
		};
/* End PBXProject section */

/* Begin PBXResourcesBuildPhase section */
		464E3B13284BED2900938A4A /* Resources */ = {
			isa = PBXResourcesBuildPhase;
			buildActionMask = 2147483647;
			files = (
				464E3B20284BED2B00938A4A /* Preview Assets.xcassets in Resources */,
				464E3B28284BEDE400938A4A /* dolls.json in Resources */,
				464E3B1D284BED2B00938A4A /* Assets.xcassets in Resources */,
			);
			runOnlyForDeploymentPostprocessing = 0;
		};
/* End PBXResourcesBuildPhase section */

/* Begin PBXSourcesBuildPhase section */
		464E3B11284BED2900938A4A /* Sources */ = {
			isa = PBXSourcesBuildPhase;
			buildActionMask = 2147483647;
			files = (
				464E3B2E284BEF3300938A4A /* CodableBundleExtension.swift in Sources */,
				464E3B34284BF52C00938A4A /* GalleryView.swift in Sources */,
				464E3B1B284BED2900938A4A /* ContentView.swift in Sources */,
				464E3B2B284BEE4400938A4A /* DollModel.swift in Sources */,
				464E3B19284BED2900938A4A /* ag_finderApp.swift in Sources */,
				466CA9AB28622EEF0047A8AA /* GalleryViewModel.swift in Sources */,
				464E3B32284BF02400938A4A /* DollThumbnailView.swift in Sources */,
				466CA9A92860E6330047A8AA /* AppBarView.swift in Sources */,
			);
			runOnlyForDeploymentPostprocessing = 0;
		};
/* End PBXSourcesBuildPhase section */

/* Begin XCBuildConfiguration section */
		464E3B21284BED2B00938A4A /* Debug */ = {
			isa = XCBuildConfiguration;
			buildSettings = {
				ALWAYS_SEARCH_USER_PATHS = NO;
				CLANG_ANALYZER_NONNULL = YES;
				CLANG_ANALYZER_NUMBER_OBJECT_CONVERSION = YES_AGGRESSIVE;
				CLANG_CXX_LANGUAGE_STANDARD = "gnu++17";
				CLANG_ENABLE_MODULES = YES;
				CLANG_ENABLE_OBJC_ARC = YES;
				CLANG_ENABLE_OBJC_WEAK = YES;
				CLANG_WARN_BLOCK_CAPTURE_AUTORELEASING = YES;
				CLANG_WARN_BOOL_CONVERSION = YES;
				CLANG_WARN_COMMA = YES;
				CLANG_WARN_CONSTANT_CONVERSION = YES;
				CLANG_WARN_DEPRECATED_OBJC_IMPLEMENTATIONS = YES;
				CLANG_WARN_DIRECT_OBJC_ISA_USAGE = YES_ERROR;
				CLANG_WARN_DOCUMENTATION_COMMENTS = YES;
				CLANG_WARN_EMPTY_BODY = YES;
				CLANG_WARN_ENUM_CONVERSION = YES;
				CLANG_WARN_INFINITE_RECURSION = YES;
				CLANG_WARN_INT_CONVERSION = YES;
				CLANG_WARN_NON_LITERAL_NULL_CONVERSION = YES;
				CLANG_WARN_OBJC_IMPLICIT_RETAIN_SELF = YES;
				CLANG_WARN_OBJC_LITERAL_CONVERSION = YES;
				CLANG_WARN_OBJC_ROOT_CLASS = YES_ERROR;
				CLANG_WARN_QUOTED_INCLUDE_IN_FRAMEWORK_HEADER = YES;
				CLANG_WARN_RANGE_LOOP_ANALYSIS = YES;
				CLANG_WARN_STRICT_PROTOTYPES = YES;
				CLANG_WARN_SUSPICIOUS_MOVE = YES;
				CLANG_WARN_UNGUARDED_AVAILABILITY = YES_AGGRESSIVE;
				CLANG_WARN_UNREACHABLE_CODE = YES;
				CLANG_WARN__DUPLICATE_METHOD_MATCH = YES;
				COPY_PHASE_STRIP = NO;
				DEBUG_INFORMATION_FORMAT = dwarf;
				ENABLE_STRICT_OBJC_MSGSEND = YES;
				ENABLE_TESTABILITY = YES;
				GCC_C_LANGUAGE_STANDARD = gnu11;
				GCC_DYNAMIC_NO_PIC = NO;
				GCC_NO_COMMON_BLOCKS = YES;
				GCC_OPTIMIZATION_LEVEL = 0;
				GCC_PREPROCESSOR_DEFINITIONS = (
					"DEBUG=1",
					"$(inherited)",
				);
				GCC_WARN_64_TO_32_BIT_CONVERSION = YES;
				GCC_WARN_ABOUT_RETURN_TYPE = YES_ERROR;
				GCC_WARN_UNDECLARED_SELECTOR = YES;
				GCC_WARN_UNINITIALIZED_AUTOS = YES_AGGRESSIVE;
				GCC_WARN_UNUSED_FUNCTION = YES;
				GCC_WARN_UNUSED_VARIABLE = YES;
				IPHONEOS_DEPLOYMENT_TARGET = 15.5;
				MTL_ENABLE_DEBUG_INFO = INCLUDE_SOURCE;
				MTL_FAST_MATH = YES;
				ONLY_ACTIVE_ARCH = YES;
				SDKROOT = iphoneos;
				SWIFT_ACTIVE_COMPILATION_CONDITIONS = DEBUG;
				SWIFT_OPTIMIZATION_LEVEL = "-Onone";
			};
			name = Debug;
		};
		464E3B22284BED2B00938A4A /* Release */ = {
			isa = XCBuildConfiguration;
			buildSettings = {
				ALWAYS_SEARCH_USER_PATHS = NO;
				CLANG_ANALYZER_NONNULL = YES;
				CLANG_ANALYZER_NUMBER_OBJECT_CONVERSION = YES_AGGRESSIVE;
				CLANG_CXX_LANGUAGE_STANDARD = "gnu++17";
				CLANG_ENABLE_MODULES = YES;
				CLANG_ENABLE_OBJC_ARC = YES;
				CLANG_ENABLE_OBJC_WEAK = YES;
				CLANG_WARN_BLOCK_CAPTURE_AUTORELEASING = YES;
				CLANG_WARN_BOOL_CONVERSION = YES;
				CLANG_WARN_COMMA = YES;
				CLANG_WARN_CONSTANT_CONVERSION = YES;
				CLANG_WARN_DEPRECATED_OBJC_IMPLEMENTATIONS = YES;
				CLANG_WARN_DIRECT_OBJC_ISA_USAGE = YES_ERROR;
				CLANG_WARN_DOCUMENTATION_COMMENTS = YES;
				CLANG_WARN_EMPTY_BODY = YES;
				CLANG_WARN_ENUM_CONVERSION = YES;
				CLANG_WARN_INFINITE_RECURSION = YES;
				CLANG_WARN_INT_CONVERSION = YES;
				CLANG_WARN_NON_LITERAL_NULL_CONVERSION = YES;
				CLANG_WARN_OBJC_IMPLICIT_RETAIN_SELF = YES;
				CLANG_WARN_OBJC_LITERAL_CONVERSION = YES;
				CLANG_WARN_OBJC_ROOT_CLASS = YES_ERROR;
				CLANG_WARN_QUOTED_INCLUDE_IN_FRAMEWORK_HEADER = YES;
				CLANG_WARN_RANGE_LOOP_ANALYSIS = YES;
				CLANG_WARN_STRICT_PROTOTYPES = YES;
				CLANG_WARN_SUSPICIOUS_MOVE = YES;
				CLANG_WARN_UNGUARDED_AVAILABILITY = YES_AGGRESSIVE;
				CLANG_WARN_UNREACHABLE_CODE = YES;
				CLANG_WARN__DUPLICATE_METHOD_MATCH = YES;
				COPY_PHASE_STRIP = NO;
				DEBUG_INFORMATION_FORMAT = "dwarf-with-dsym";
				ENABLE_NS_ASSERTIONS = NO;
				ENABLE_STRICT_OBJC_MSGSEND = YES;
				GCC_C_LANGUAGE_STANDARD = gnu11;
				GCC_NO_COMMON_BLOCKS = YES;
				GCC_WARN_64_TO_32_BIT_CONVERSION = YES;
				GCC_WARN_ABOUT_RETURN_TYPE = YES_ERROR;
				GCC_WARN_UNDECLARED_SELECTOR = YES;
				GCC_WARN_UNINITIALIZED_AUTOS = YES_AGGRESSIVE;
				GCC_WARN_UNUSED_FUNCTION = YES;
				GCC_WARN_UNUSED_VARIABLE = YES;
				IPHONEOS_DEPLOYMENT_TARGET = 15.5;
				MTL_ENABLE_DEBUG_INFO = NO;
				MTL_FAST_MATH = YES;
				SDKROOT = iphoneos;
				SWIFT_COMPILATION_MODE = wholemodule;
				SWIFT_OPTIMIZATION_LEVEL = "-O";
				VALIDATE_PRODUCT = YES;
			};
			name = Release;
		};
		464E3B24284BED2B00938A4A /* Debug */ = {
			isa = XCBuildConfiguration;
			buildSettings = {
				ASSETCATALOG_COMPILER_APPICON_NAME = AppIcon;
				ASSETCATALOG_COMPILER_GLOBAL_ACCENT_COLOR_NAME = AccentColor;
				CODE_SIGN_STYLE = Automatic;
				CURRENT_PROJECT_VERSION = 1;
				DEVELOPMENT_ASSET_PATHS = "\"ag-finder/Preview Content\"";
				DEVELOPMENT_TEAM = 5SVL6G9GF4;
				ENABLE_PREVIEWS = YES;
				GENERATE_INFOPLIST_FILE = YES;
				INFOPLIST_KEY_UIApplicationSceneManifest_Generation = YES;
				INFOPLIST_KEY_UIApplicationSupportsIndirectInputEvents = YES;
				INFOPLIST_KEY_UILaunchScreen_Generation = YES;
				INFOPLIST_KEY_UISupportedInterfaceOrientations_iPad = "UIInterfaceOrientationPortrait UIInterfaceOrientationPortraitUpsideDown UIInterfaceOrientationLandscapeLeft UIInterfaceOrientationLandscapeRight";
				INFOPLIST_KEY_UISupportedInterfaceOrientations_iPhone = "UIInterfaceOrientationPortrait UIInterfaceOrientationLandscapeLeft UIInterfaceOrientationLandscapeRight";
				IPHONEOS_DEPLOYMENT_TARGET = 16.0;
				LD_RUNPATH_SEARCH_PATHS = (
					"$(inherited)",
					"@executable_path/Frameworks",
				);
				MARKETING_VERSION = 1.0;
				PRODUCT_BUNDLE_IDENTIFIER = "com.wumpusware.ag-finder";
				PRODUCT_NAME = "$(TARGET_NAME)";
				SWIFT_EMIT_LOC_STRINGS = YES;
				SWIFT_VERSION = 5.0;
				TARGETED_DEVICE_FAMILY = "1,2";
			};
			name = Debug;
		};
		464E3B25284BED2B00938A4A /* Release */ = {
			isa = XCBuildConfiguration;
			buildSettings = {
				ASSETCATALOG_COMPILER_APPICON_NAME = AppIcon;
				ASSETCATALOG_COMPILER_GLOBAL_ACCENT_COLOR_NAME = AccentColor;
				CODE_SIGN_STYLE = Automatic;
				CURRENT_PROJECT_VERSION = 1;
				DEVELOPMENT_ASSET_PATHS = "\"ag-finder/Preview Content\"";
				DEVELOPMENT_TEAM = 5SVL6G9GF4;
				ENABLE_PREVIEWS = YES;
				GENERATE_INFOPLIST_FILE = YES;
				INFOPLIST_KEY_UIApplicationSceneManifest_Generation = YES;
				INFOPLIST_KEY_UIApplicationSupportsIndirectInputEvents = YES;
				INFOPLIST_KEY_UILaunchScreen_Generation = YES;
				INFOPLIST_KEY_UISupportedInterfaceOrientations_iPad = "UIInterfaceOrientationPortrait UIInterfaceOrientationPortraitUpsideDown UIInterfaceOrientationLandscapeLeft UIInterfaceOrientationLandscapeRight";
				INFOPLIST_KEY_UISupportedInterfaceOrientations_iPhone = "UIInterfaceOrientationPortrait UIInterfaceOrientationLandscapeLeft UIInterfaceOrientationLandscapeRight";
				IPHONEOS_DEPLOYMENT_TARGET = 16.0;
				LD_RUNPATH_SEARCH_PATHS = (
					"$(inherited)",
					"@executable_path/Frameworks",
				);
				MARKETING_VERSION = 1.0;
				PRODUCT_BUNDLE_IDENTIFIER = "com.wumpusware.ag-finder";
				PRODUCT_NAME = "$(TARGET_NAME)";
				SWIFT_EMIT_LOC_STRINGS = YES;
				SWIFT_VERSION = 5.0;
				TARGETED_DEVICE_FAMILY = "1,2";
			};
			name = Release;
		};
/* End XCBuildConfiguration section */

/* Begin XCConfigurationList section */
		464E3B10284BED2900938A4A /* Build configuration list for PBXProject "ag-finder" */ = {
			isa = XCConfigurationList;
			buildConfigurations = (
				464E3B21284BED2B00938A4A /* Debug */,
				464E3B22284BED2B00938A4A /* Release */,
			);
			defaultConfigurationIsVisible = 0;
			defaultConfigurationName = Release;
		};
		464E3B23284BED2B00938A4A /* Build configuration list for PBXNativeTarget "ag-finder" */ = {
			isa = XCConfigurationList;
			buildConfigurations = (
				464E3B24284BED2B00938A4A /* Debug */,
				464E3B25284BED2B00938A4A /* Release */,
			);
			defaultConfigurationIsVisible = 0;
			defaultConfigurationName = Release;
		};
/* End XCConfigurationList section */
	};
	rootObject = 464E3B0D284BED2900938A4A /* Project object */;
}
